
Microsoft Visual Studio Solution File, Format Version 12.00
# Visual Studio Version 17
VisualStudioVersion = 17.8.34330.188
MinimumVisualStudioVersion = 10.0.40219.1
Project("{FAE04EC0-301F-11D3-BF4B-00C04F79EFBC}") = "raylib-sample", "raylib-sample.csproj", "{4A43607D-F449-44BF-865B-C3F9B2FD7FDE}"
EndProject
Global
	GlobalSection(SolutionConfigurationPlatforms) = preSolution
		Debug|Any CPU = Debug|Any CPU
		Release|Any CPU = Release|Any CPU
	EndGlobalSection
	GlobalSection(ProjectConfigurationPlatforms) = postSolution
		{4A43607D-F449-44BF-865B-C3F9B2FD7FDE}.Debug|Any CPU.ActiveCfg = Debug|Any CPU
		{4A43607D-F449-44BF-865B-C3F9B2FD7FDE}.Debug|Any CPU.Build.0 = Debug|Any CPU
		{4A43607D-F449-44BF-865B-C3F9B2FD7FDE}.Release|Any CPU.ActiveCfg = Release|Any CPU
		{4A43607D-F449-44BF-865B-C3F9B2FD7FDE}.Release|Any CPU.Build.0 = Release|Any CPU
	EndGlobalSection
	GlobalSection(SolutionProperties) = preSolution
		HideSolutionNode = FALSE
	EndGlobalSection
	GlobalSection(ExtensibilityGlobals) = postSolution
		SolutionGuid = {4C595F56-35DF-4315-8BB6-E606D6865A8D}
	EndGlobalSection
EndGlobal
